{
  "name": "ajshomework3-1",
  "version": "1.0.0",
  "lockfileVersion": 1,
  "requires": true,
  "dependencies": {
    "@ruslanraindrop/ajshomework3": {
      "version": "1.0.0",
      "resolved": "https://npm.pkg.github.com/download/@ruslanraindrop/ajshomework3/1.0.0/ea23ee3ef9bb65f3eb02fb8f1110a8774f98a0dc82ad2876a4fa8c01e9c36b99",
      "integrity": "sha512-Lex7mX6C2bNw8htVz3bEItCMJux68E8UViwfNSlU9Fay008pPYZuOXpudS9tIFfY08b2g6ZlSrUfbwjTN+um9Q=="
    }
  }
}
